
Microsoft Visual Studio Solution File, Format Version 11.00
# Visual Studio 2010
Project("{FAE04EC0-301F-11D3-BF4B-00C04F79EFBC}") = "Assembly-CSharp", "Assembly-CSharp.csproj", "{71939787-46c3-8b8a-1316-7a2c2911ca1e}"
EndProject
Project("{FAE04EC0-301F-11D3-BF4B-00C04F79EFBC}") = "Assembly-CSharp-Editor", "Assembly-CSharp-Editor.csproj", "{5894a2ab-d0be-ed48-0b29-d8bc89f206be}"
EndProject
Project("{FAE04EC0-301F-11D3-BF4B-00C04F79EFBC}") = "Assembly-CSharp-firstpass", "Assembly-CSharp-firstpass.csproj", "{dbd50f19-26c8-056a-bd12-229fcf2aadaf}"
EndProject
Global
	GlobalSection(SolutionConfigurationPlatforms) = preSolution
		Debug|Any CPU = Debug|Any CPU
	EndGlobalSection
	GlobalSection(ProjectConfigurationPlatforms) = postSolution
		{71939787-46c3-8b8a-1316-7a2c2911ca1e}.Debug|Any CPU.ActiveCfg = Debug|Any CPU
		{71939787-46c3-8b8a-1316-7a2c2911ca1e}.Debug|Any CPU.Build.0 = Debug|Any CPU
		{5894a2ab-d0be-ed48-0b29-d8bc89f206be}.Debug|Any CPU.ActiveCfg = Debug|Any CPU
		{5894a2ab-d0be-ed48-0b29-d8bc89f206be}.Debug|Any CPU.Build.0 = Debug|Any CPU
		{dbd50f19-26c8-056a-bd12-229fcf2aadaf}.Debug|Any CPU.ActiveCfg = Debug|Any CPU
		{dbd50f19-26c8-056a-bd12-229fcf2aadaf}.Debug|Any CPU.Build.0 = Debug|Any CPU
	EndGlobalSection
	GlobalSection(SolutionProperties) = preSolution
		HideSolutionNode = FALSE
	EndGlobalSection
EndGlobal
